
Microsoft Visual Studio Solution File, Format Version 12.00
# Visual Studio Version 17
VisualStudioVersion = 17.1.32414.318
MinimumVisualStudioVersion = 10.0.40219.1
Project("{FAE04EC0-301F-11D3-BF4B-00C04F79EFBC}") = "Web_CNPMNC_DA_HeThongATM", "Web_CNPMNC_DA_HeThongATM\Web_CNPMNC_DA_HeThongATM.csproj", "{E0447C95-F1CD-45A8-8C82-1E4EC46FCD77}"
EndProject
Global
	GlobalSection(SolutionConfigurationPlatforms) = preSolution
		Debug|Any CPU = Debug|Any CPU
		Release|Any CPU = Release|Any CPU
	EndGlobalSection
	GlobalSection(ProjectConfigurationPlatforms) = postSolution
		{E0447C95-F1CD-45A8-8C82-1E4EC46FCD77}.Debug|Any CPU.ActiveCfg = Debug|Any CPU
		{E0447C95-F1CD-45A8-8C82-1E4EC46FCD77}.Debug|Any CPU.Build.0 = Debug|Any CPU
		{E0447C95-F1CD-45A8-8C82-1E4EC46FCD77}.Release|Any CPU.ActiveCfg = Release|Any CPU
		{E0447C95-F1CD-45A8-8C82-1E4EC46FCD77}.Release|Any CPU.Build.0 = Release|Any CPU
	EndGlobalSection
	GlobalSection(SolutionProperties) = preSolution
		HideSolutionNode = FALSE
	EndGlobalSection
	GlobalSection(ExtensibilityGlobals) = postSolution
		SolutionGuid = {7576556D-8B54-46BB-B7F4-D6D347442444}
	EndGlobalSection
EndGlobal
