{
  "name": "TypeScript",
  "lockfileVersion": 3,
  "requires": true,
  "packages": {
    "": {
      "devDependencies": {
        "@types/jquery": "^3.5.20"
      }
    },
    "node_modules/@types/jquery": {
      "version": "3.5.20",
      "resolved": "https://registry.npmjs.org/@types/jquery/-/jquery-3.5.20.tgz",
      "integrity": "sha512-UI+EGhgYD4LdSZ8gaiziFqXYIIB38VQSDsnAs8jL/div7FGrzrShx4HKCykVzk3tPfiIlusdNP9Wi3G60LCF2Q==",
      "dev": true,
      "dependencies": {
        "@types/sizzle": "*"
      }
    },
    "node_modules/@types/sizzle": {
      "version": "2.3.4",
      "resolved": "https://registry.npmjs.org/@types/sizzle/-/sizzle-2.3.4.tgz",
      "integrity": "sha512-jA2llq2zNkg8HrALI7DtWzhALcVH0l7i89yhY3iBdOz6cBPeACoFq+fkQrjHA39t1hnSFOboZ7A/AY5MMZSlag==",
      "dev": true
    }
  }
}
